// !$*UTF8*$!
{
	archiveVersion = 1;
	classes = {
	};
	objectVersion = 56;
	objects = {

/* Begin PBXBuildFile section */
		6BB6BDF82971A3B6002DFF14 /* UpworkTestApp.swift in Sources */ = {isa = PBXBuildFile; fileRef = 6BB6BDF72971A3B6002DFF14 /* UpworkTestApp.swift */; };
		6BB6BDFA2971A3B6002DFF14 /* ContentView.swift in Sources */ = {isa = PBXBuildFile; fileRef = 6BB6BDF92971A3B6002DFF14 /* ContentView.swift */; };
		6BB6BDFC2971A3B7002DFF14 /* Assets.xcassets in Resources */ = {isa = PBXBuildFile; fileRef = 6BB6BDFB2971A3B7002DFF14 /* Assets.xcassets */; };
		6BB6BDFF2971A3B7002DFF14 /* Preview Assets.xcassets in Resources */ = {isa = PBXBuildFile; fileRef = 6BB6BDFE2971A3B7002DFF14 /* Preview Assets.xcassets */; };
		6BB6BE062971A3C2002DFF14 /* ViewModel.swift in Sources */ = {isa = PBXBuildFile; fileRef = 6BB6BE052971A3C2002DFF14 /* ViewModel.swift */; };
		6BB6BE082971A427002DFF14 /* Model.swift in Sources */ = {isa = PBXBuildFile; fileRef = 6BB6BE072971A427002DFF14 /* Model.swift */; };
		6BB6BE0A2971A6A9002DFF14 /* UserRowView.swift in Sources */ = {isa = PBXBuildFile; fileRef = 6BB6BE092971A6A9002DFF14 /* UserRowView.swift */; };
		6BB6BE122971C406002DFF14 /* UpworkTestTests.swift in Sources */ = {isa = PBXBuildFile; fileRef = 6BB6BE112971C406002DFF14 /* UpworkTestTests.swift */; };
		6BB6BE182971C412002DFF14 /* ViewModel.swift in Sources */ = {isa = PBXBuildFile; fileRef = 6BB6BE052971A3C2002DFF14 /* ViewModel.swift */; };
		6BB6BE192971C42A002DFF14 /* Model.swift in Sources */ = {isa = PBXBuildFile; fileRef = 6BB6BE072971A427002DFF14 /* Model.swift */; };
		6BB6BE1B2971C564002DFF14 /* UserDetailView.swift in Sources */ = {isa = PBXBuildFile; fileRef = 6BB6BE1A2971C564002DFF14 /* UserDetailView.swift */; };
/* End PBXBuildFile section */

/* Begin PBXContainerItemProxy section */
		6BB6BE132971C406002DFF14 /* PBXContainerItemProxy */ = {
			isa = PBXContainerItemProxy;
			containerPortal = 6BB6BDEC2971A3B6002DFF14 /* Project object */;
			proxyType = 1;
			remoteGlobalIDString = 6BB6BDF32971A3B6002DFF14;
			remoteInfo = UpworkTest;
		};
/* End PBXContainerItemProxy section */

/* Begin PBXFileReference section */
		6BB6BDF42971A3B6002DFF14 /* UpworkTest.app */ = {isa = PBXFileReference; explicitFileType = wrapper.application; includeInIndex = 0; path = UpworkTest.app; sourceTree = BUILT_PRODUCTS_DIR; };
		6BB6BDF72971A3B6002DFF14 /* UpworkTestApp.swift */ = {isa = PBXFileReference; lastKnownFileType = sourcecode.swift; path = UpworkTestApp.swift; sourceTree = "<group>"; };
		6BB6BDF92971A3B6002DFF14 /* ContentView.swift */ = {isa = PBXFileReference; lastKnownFileType = sourcecode.swift; path = ContentView.swift; sourceTree = "<group>"; };
		6BB6BDFB2971A3B7002DFF14 /* Assets.xcassets */ = {isa = PBXFileReference; lastKnownFileType = folder.assetcatalog; path = Assets.xcassets; sourceTree = "<group>"; };
		6BB6BDFE2971A3B7002DFF14 /* Preview Assets.xcassets */ = {isa = PBXFileReference; lastKnownFileType = folder.assetcatalog; path = "Preview Assets.xcassets"; sourceTree = "<group>"; };
		6BB6BE052971A3C2002DFF14 /* ViewModel.swift */ = {isa = PBXFileReference; lastKnownFileType = sourcecode.swift; path = ViewModel.swift; sourceTree = "<group>"; };
		6BB6BE072971A427002DFF14 /* Model.swift */ = {isa = PBXFileReference; lastKnownFileType = sourcecode.swift; path = Model.swift; sourceTree = "<group>"; };
		6BB6BE092971A6A9002DFF14 /* UserRowView.swift */ = {isa = PBXFileReference; lastKnownFileType = sourcecode.swift; path = UserRowView.swift; sourceTree = "<group>"; };
		6BB6BE0F2971C406002DFF14 /* UpworkTestTests.xctest */ = {isa = PBXFileReference; explicitFileType = wrapper.cfbundle; includeInIndex = 0; path = UpworkTestTests.xctest; sourceTree = BUILT_PRODUCTS_DIR; };
		6BB6BE112971C406002DFF14 /* UpworkTestTests.swift */ = {isa = PBXFileReference; lastKnownFileType = sourcecode.swift; path = UpworkTestTests.swift; sourceTree = "<group>"; };
		6BB6BE1A2971C564002DFF14 /* UserDetailView.swift */ = {isa = PBXFileReference; lastKnownFileType = sourcecode.swift; path = UserDetailView.swift; sourceTree = "<group>"; };
/* End PBXFileReference section */

/* Begin PBXFrameworksBuildPhase section */
		6BB6BDF12971A3B6002DFF14 /* Frameworks */ = {
			isa = PBXFrameworksBuildPhase;
			buildActionMask = 2147483647;
			files = (
			);
			runOnlyForDeploymentPostprocessing = 0;
		};
		6BB6BE0C2971C406002DFF14 /* Frameworks */ = {
			isa = PBXFrameworksBuildPhase;
			buildActionMask = 2147483647;
			files = (
			);
			runOnlyForDeploymentPostprocessing = 0;
		};
/* End PBXFrameworksBuildPhase section */

/* Begin PBXGroup section */
		6BB6BDEB2971A3B6002DFF14 = {
			isa = PBXGroup;
			children = (
				6BB6BDF62971A3B6002DFF14 /* UpworkTest */,
				6BB6BE102971C406002DFF14 /* UpworkTestTests */,
				6BB6BDF52971A3B6002DFF14 /* Products */,
			);
			sourceTree = "<group>";
		};
		6BB6BDF52971A3B6002DFF14 /* Products */ = {
			isa = PBXGroup;
			children = (
				6BB6BDF42971A3B6002DFF14 /* UpworkTest.app */,
				6BB6BE0F2971C406002DFF14 /* UpworkTestTests.xctest */,
			);
			name = Products;
			sourceTree = "<group>";
		};
		6BB6BDF62971A3B6002DFF14 /* UpworkTest */ = {
			isa = PBXGroup;
			children = (
				6BB6BDF72971A3B6002DFF14 /* UpworkTestApp.swift */,
				6BB6BDF92971A3B6002DFF14 /* ContentView.swift */,
				6BB6BE052971A3C2002DFF14 /* ViewModel.swift */,
				6BB6BE072971A427002DFF14 /* Model.swift */,
				6BB6BE092971A6A9002DFF14 /* UserRowView.swift */,
				6BB6BE1A2971C564002DFF14 /* UserDetailView.swift */,
				6BB6BDFB2971A3B7002DFF14 /* Assets.xcassets */,
				6BB6BDFD2971A3B7002DFF14 /* Preview Content */,
			);
			path = UpworkTest;
			sourceTree = "<group>";
		};
		6BB6BDFD2971A3B7002DFF14 /* Preview Content */ = {
			isa = PBXGroup;
			children = (
				6BB6BDFE2971A3B7002DFF14 /* Preview Assets.xcassets */,
			);
			path = "Preview Content";
			sourceTree = "<group>";
		};
		6BB6BE102971C406002DFF14 /* UpworkTestTests */ = {
			isa = PBXGroup;
			children = (
				6BB6BE112971C406002DFF14 /* UpworkTestTests.swift */,
			);
			path = UpworkTestTests;
			sourceTree = "<group>";
		};
/* End PBXGroup section */

/* Begin PBXNativeTarget section */
		6BB6BDF32971A3B6002DFF14 /* UpworkTest */ = {
			isa = PBXNativeTarget;
			buildConfigurationList = 6BB6BE022971A3B7002DFF14 /* Build configuration list for PBXNativeTarget "UpworkTest" */;
			buildPhases = (
				6BB6BDF02971A3B6002DFF14 /* Sources */,
				6BB6BDF12971A3B6002DFF14 /* Frameworks */,
				6BB6BDF22971A3B6002DFF14 /* Resources */,
			);
			buildRules = (
			);
			dependencies = (
			);
			name = UpworkTest;
			productName = UpworkTest;
			productReference = 6BB6BDF42971A3B6002DFF14 /* UpworkTest.app */;
			productType = "com.apple.product-type.application";
		};
		6BB6BE0E2971C406002DFF14 /* UpworkTestTests */ = {
			isa = PBXNativeTarget;
			buildConfigurationList = 6BB6BE152971C406002DFF14 /* Build configuration list for PBXNativeTarget "UpworkTestTests" */;
			buildPhases = (
				6BB6BE0B2971C406002DFF14 /* Sources */,
				6BB6BE0C2971C406002DFF14 /* Frameworks */,
				6BB6BE0D2971C406002DFF14 /* Resources */,
			);
			buildRules = (
			);
			dependencies = (
				6BB6BE142971C406002DFF14 /* PBXTargetDependency */,
			);
			name = UpworkTestTests;
			productName = UpworkTestTests;
			productReference = 6BB6BE0F2971C406002DFF14 /* UpworkTestTests.xctest */;
			productType = "com.apple.product-type.bundle.unit-test";
		};
/* End PBXNativeTarget section */

/* Begin PBXProject section */
		6BB6BDEC2971A3B6002DFF14 /* Project object */ = {
			isa = PBXProject;
			attributes = {
				BuildIndependentTargetsInParallel = 1;
				LastSwiftUpdateCheck = 1410;
				LastUpgradeCheck = 1410;
				TargetAttributes = {
					6BB6BDF32971A3B6002DFF14 = {
						CreatedOnToolsVersion = 14.1;
					};
					6BB6BE0E2971C406002DFF14 = {
						CreatedOnToolsVersion = 14.1;
						TestTargetID = 6BB6BDF32971A3B6002DFF14;
					};
				};
			};
			buildConfigurationList = 6BB6BDEF2971A3B6002DFF14 /* Build configuration list for PBXProject "UpworkTest" */;
			compatibilityVersion = "Xcode 14.0";
			developmentRegion = en;
			hasScannedForEncodings = 0;
			knownRegions = (
				en,
				Base,
			);
			mainGroup = 6BB6BDEB2971A3B6002DFF14;
			productRefGroup = 6BB6BDF52971A3B6002DFF14 /* Products */;
			projectDirPath = "";
			projectRoot = "";
			targets = (
				6BB6BDF32971A3B6002DFF14 /* UpworkTest */,
				6BB6BE0E2971C406002DFF14 /* UpworkTestTests */,
			);
		};
/* End PBXProject section */

/* Begin PBXResourcesBuildPhase section */
		6BB6BDF22971A3B6002DFF14 /* Resources */ = {
			isa = PBXResourcesBuildPhase;
			buildActionMask = 2147483647;
			files = (
				6BB6BDFF2971A3B7002DFF14 /* Preview Assets.xcassets in Resources */,
				6BB6BDFC2971A3B7002DFF14 /* Assets.xcassets in Resources */,
			);
			runOnlyForDeploymentPostprocessing = 0;
		};
		6BB6BE0D2971C406002DFF14 /* Resources */ = {
			isa = PBXResourcesBuildPhase;
			buildActionMask = 2147483647;
			files = (
			);
			runOnlyForDeploymentPostprocessing = 0;
		};
/* End PBXResourcesBuildPhase section */

/* Begin PBXSourcesBuildPhase section */
		6BB6BDF02971A3B6002DFF14 /* Sources */ = {
			isa = PBXSourcesBuildPhase;
			buildActionMask = 2147483647;
			files = (
				6BB6BDFA2971A3B6002DFF14 /* ContentView.swift in Sources */,
				6BB6BE0A2971A6A9002DFF14 /* UserRowView.swift in Sources */,
				6BB6BE062971A3C2002DFF14 /* ViewModel.swift in Sources */,
				6BB6BDF82971A3B6002DFF14 /* UpworkTestApp.swift in Sources */,
				6BB6BE1B2971C564002DFF14 /* UserDetailView.swift in Sources */,
				6BB6BE082971A427002DFF14 /* Model.swift in Sources */,
			);
			runOnlyForDeploymentPostprocessing = 0;
		};
		6BB6BE0B2971C406002DFF14 /* Sources */ = {
			isa = PBXSourcesBuildPhase;
			buildActionMask = 2147483647;
			files = (
				6BB6BE192971C42A002DFF14 /* Model.swift in Sources */,
				6BB6BE182971C412002DFF14 /* ViewModel.swift in Sources */,
				6BB6BE122971C406002DFF14 /* UpworkTestTests.swift in Sources */,
			);
			runOnlyForDeploymentPostprocessing = 0;
		};
/* End PBXSourcesBuildPhase section */

/* Begin PBXTargetDependency section */
		6BB6BE142971C406002DFF14 /* PBXTargetDependency */ = {
			isa = PBXTargetDependency;
			target = 6BB6BDF32971A3B6002DFF14 /* UpworkTest */;
			targetProxy = 6BB6BE132971C406002DFF14 /* PBXContainerItemProxy */;
		};
/* End PBXTargetDependency section */

/* Begin XCBuildConfiguration section */
		6BB6BE002971A3B7002DFF14 /* Debug */ = {
			isa = XCBuildConfiguration;
			buildSettings = {
				ALWAYS_SEARCH_USER_PATHS = NO;
				CLANG_ANALYZER_NONNULL = YES;
				CLANG_ANALYZER_NUMBER_OBJECT_CONVERSION = YES_AGGRESSIVE;
				CLANG_CXX_LANGUAGE_STANDARD = "gnu++20";
				CLANG_ENABLE_MODULES = YES;
				CLANG_ENABLE_OBJC_ARC = YES;
				CLANG_ENABLE_OBJC_WEAK = YES;
				CLANG_WARN_BLOCK_CAPTURE_AUTORELEASING = YES;
				CLANG_WARN_BOOL_CONVERSION = YES;
				CLANG_WARN_COMMA = YES;
				CLANG_WARN_CONSTANT_CONVERSION = YES;
				CLANG_WARN_DEPRECATED_OBJC_IMPLEMENTATIONS = YES;
				CLANG_WARN_DIRECT_OBJC_ISA_USAGE = YES_ERROR;
				CLANG_WARN_DOCUMENTATION_COMMENTS = YES;
				CLANG_WARN_EMPTY_BODY = YES;
				CLANG_WARN_ENUM_CONVERSION = YES;
				CLANG_WARN_INFINITE_RECURSION = YES;
				CLANG_WARN_INT_CONVERSION = YES;
				CLANG_WARN_NON_LITERAL_NULL_CONVERSION = YES;
				CLANG_WARN_OBJC_IMPLICIT_RETAIN_SELF = YES;
				CLANG_WARN_OBJC_LITERAL_CONVERSION = YES;
				CLANG_WARN_OBJC_ROOT_CLASS = YES_ERROR;
				CLANG_WARN_QUOTED_INCLUDE_IN_FRAMEWORK_HEADER = YES;
				CLANG_WARN_RANGE_LOOP_ANALYSIS = YES;
				CLANG_WARN_STRICT_PROTOTYPES = YES;
				CLANG_WARN_SUSPICIOUS_MOVE = YES;
				CLANG_WARN_UNGUARDED_AVAILABILITY = YES_AGGRESSIVE;
				CLANG_WARN_UNREACHABLE_CODE = YES;
				CLANG_WARN__DUPLICATE_METHOD_MATCH = YES;
				COPY_PHASE_STRIP = NO;
				DEBUG_INFORMATION_FORMAT = dwarf;
				ENABLE_STRICT_OBJC_MSGSEND = YES;
				ENABLE_TESTABILITY = YES;
				GCC_C_LANGUAGE_STANDARD = gnu11;
				GCC_DYNAMIC_NO_PIC = NO;
				GCC_NO_COMMON_BLOCKS = YES;
				GCC_OPTIMIZATION_LEVEL = 0;
				GCC_PREPROCESSOR_DEFINITIONS = (
					"DEBUG=1",
					"$(inherited)",
				);
				GCC_WARN_64_TO_32_BIT_CONVERSION = YES;
				GCC_WARN_ABOUT_RETURN_TYPE = YES_ERROR;
				GCC_WARN_UNDECLARED_SELECTOR = YES;
				GCC_WARN_UNINITIALIZED_AUTOS = YES_AGGRESSIVE;
				GCC_WARN_UNUSED_FUNCTION = YES;
				GCC_WARN_UNUSED_VARIABLE = YES;
				IPHONEOS_DEPLOYMENT_TARGET = 16.1;
				MTL_ENABLE_DEBUG_INFO = INCLUDE_SOURCE;
				MTL_FAST_MATH = YES;
				ONLY_ACTIVE_ARCH = YES;
				SDKROOT = iphoneos;
				SWIFT_ACTIVE_COMPILATION_CONDITIONS = DEBUG;
				SWIFT_OPTIMIZATION_LEVEL = "-Onone";
			};
			name = Debug;
		};
		6BB6BE012971A3B7002DFF14 /* Release */ = {
			isa = XCBuildConfiguration;
			buildSettings = {
				ALWAYS_SEARCH_USER_PATHS = NO;
				CLANG_ANALYZER_NONNULL = YES;
				CLANG_ANALYZER_NUMBER_OBJECT_CONVERSION = YES_AGGRESSIVE;
				CLANG_CXX_LANGUAGE_STANDARD = "gnu++20";
				CLANG_ENABLE_MODULES = YES;
				CLANG_ENABLE_OBJC_ARC = YES;
				CLANG_ENABLE_OBJC_WEAK = YES;
				CLANG_WARN_BLOCK_CAPTURE_AUTORELEASING = YES;
				CLANG_WARN_BOOL_CONVERSION = YES;
				CLANG_WARN_COMMA = YES;
				CLANG_WARN_CONSTANT_CONVERSION = YES;
				CLANG_WARN_DEPRECATED_OBJC_IMPLEMENTATIONS = YES;
				CLANG_WARN_DIRECT_OBJC_ISA_USAGE = YES_ERROR;
				CLANG_WARN_DOCUMENTATION_COMMENTS = YES;
				CLANG_WARN_EMPTY_BODY = YES;
				CLANG_WARN_ENUM_CONVERSION = YES;
				CLANG_WARN_INFINITE_RECURSION = YES;
				CLANG_WARN_INT_CONVERSION = YES;
				CLANG_WARN_NON_LITERAL_NULL_CONVERSION = YES;
				CLANG_WARN_OBJC_IMPLICIT_RETAIN_SELF = YES;
				CLANG_WARN_OBJC_LITERAL_CONVERSION = YES;
				CLANG_WARN_OBJC_ROOT_CLASS = YES_ERROR;
				CLANG_WARN_QUOTED_INCLUDE_IN_FRAMEWORK_HEADER = YES;
				CLANG_WARN_RANGE_LOOP_ANALYSIS = YES;
				CLANG_WARN_STRICT_PROTOTYPES = YES;
				CLANG_WARN_SUSPICIOUS_MOVE = YES;
				CLANG_WARN_UNGUARDED_AVAILABILITY = YES_AGGRESSIVE;
				CLANG_WARN_UNREACHABLE_CODE = YES;
				CLANG_WARN__DUPLICATE_METHOD_MATCH = YES;
				COPY_PHASE_STRIP = NO;
				DEBUG_INFORMATION_FORMAT = "dwarf-with-dsym";
				ENABLE_NS_ASSERTIONS = NO;
				ENABLE_STRICT_OBJC_MSGSEND = YES;
				GCC_C_LANGUAGE_STANDARD = gnu11;
				GCC_NO_COMMON_BLOCKS = YES;
				GCC_WARN_64_TO_32_BIT_CONVERSION = YES;
				GCC_WARN_ABOUT_RETURN_TYPE = YES_ERROR;
				GCC_WARN_UNDECLARED_SELECTOR = YES;
				GCC_WARN_UNINITIALIZED_AUTOS = YES_AGGRESSIVE;
				GCC_WARN_UNUSED_FUNCTION = YES;
				GCC_WARN_UNUSED_VARIABLE = YES;
				IPHONEOS_DEPLOYMENT_TARGET = 16.1;
				MTL_ENABLE_DEBUG_INFO = NO;
				MTL_FAST_MATH = YES;
				SDKROOT = iphoneos;
				SWIFT_COMPILATION_MODE = wholemodule;
				SWIFT_OPTIMIZATION_LEVEL = "-O";
				VALIDATE_PRODUCT = YES;
			};
			name = Release;
		};
		6BB6BE032971A3B7002DFF14 /* Debug */ = {
			isa = XCBuildConfiguration;
			buildSettings = {
				ASSETCATALOG_COMPILER_APPICON_NAME = AppIcon;
				ASSETCATALOG_COMPILER_GLOBAL_ACCENT_COLOR_NAME = AccentColor;
				CODE_SIGN_STYLE = Automatic;
				CURRENT_PROJECT_VERSION = 1;
				DEVELOPMENT_ASSET_PATHS = "\"UpworkTest/Preview Content\"";
				ENABLE_PREVIEWS = YES;
				GENERATE_INFOPLIST_FILE = YES;
				INFOPLIST_KEY_UIApplicationSceneManifest_Generation = YES;
				INFOPLIST_KEY_UIApplicationSupportsIndirectInputEvents = YES;
				INFOPLIST_KEY_UILaunchScreen_Generation = YES;
				INFOPLIST_KEY_UISupportedInterfaceOrientations_iPad = "UIInterfaceOrientationPortrait UIInterfaceOrientationPortraitUpsideDown UIInterfaceOrientationLandscapeLeft UIInterfaceOrientationLandscapeRight";
				INFOPLIST_KEY_UISupportedInterfaceOrientations_iPhone = "UIInterfaceOrientationPortrait UIInterfaceOrientationLandscapeLeft UIInterfaceOrientationLandscapeRight";
				LD_RUNPATH_SEARCH_PATHS = (
					"$(inherited)",
					"@executable_path/Frameworks",
				);
				MARKETING_VERSION = 1.0;
				PRODUCT_BUNDLE_IDENTIFIER = com.selcuk.UpworkTest;
				PRODUCT_NAME = "$(TARGET_NAME)";
				SWIFT_EMIT_LOC_STRINGS = YES;
				SWIFT_VERSION = 5.0;
				TARGETED_DEVICE_FAMILY = "1,2";
			};
			name = Debug;
		};
		6BB6BE042971A3B7002DFF14 /* Release */ = {
			isa = XCBuildConfiguration;
			buildSettings = {
				ASSETCATALOG_COMPILER_APPICON_NAME = AppIcon;
				ASSETCATALOG_COMPILER_GLOBAL_ACCENT_COLOR_NAME = AccentColor;
				CODE_SIGN_STYLE = Automatic;
				CURRENT_PROJECT_VERSION = 1;
				DEVELOPMENT_ASSET_PATHS = "\"UpworkTest/Preview Content\"";
				ENABLE_PREVIEWS = YES;
				GENERATE_INFOPLIST_FILE = YES;
				INFOPLIST_KEY_UIApplicationSceneManifest_Generation = YES;
				INFOPLIST_KEY_UIApplicationSupportsIndirectInputEvents = YES;
				INFOPLIST_KEY_UILaunchScreen_Generation = YES;
				INFOPLIST_KEY_UISupportedInterfaceOrientations_iPad = "UIInterfaceOrientationPortrait UIInterfaceOrientationPortraitUpsideDown UIInterfaceOrientationLandscapeLeft UIInterfaceOrientationLandscapeRight";
				INFOPLIST_KEY_UISupportedInterfaceOrientations_iPhone = "UIInterfaceOrientationPortrait UIInterfaceOrientationLandscapeLeft UIInterfaceOrientationLandscapeRight";
				LD_RUNPATH_SEARCH_PATHS = (
					"$(inherited)",
					"@executable_path/Frameworks",
				);
				MARKETING_VERSION = 1.0;
				PRODUCT_BUNDLE_IDENTIFIER = com.selcuk.UpworkTest;
				PRODUCT_NAME = "$(TARGET_NAME)";
				SWIFT_EMIT_LOC_STRINGS = YES;
				SWIFT_VERSION = 5.0;
				TARGETED_DEVICE_FAMILY = "1,2";
			};
			name = Release;
		};
		6BB6BE162971C406002DFF14 /* Debug */ = {
			isa = XCBuildConfiguration;
			buildSettings = {
				BUNDLE_LOADER = "$(TEST_HOST)";
				CODE_SIGN_STYLE = Automatic;
				CURRENT_PROJECT_VERSION = 1;
				GENERATE_INFOPLIST_FILE = YES;
				MARKETING_VERSION = 1.0;
				PRODUCT_BUNDLE_IDENTIFIER = com.selcuk.UpworkTestTests;
				PRODUCT_NAME = "$(TARGET_NAME)";
				SWIFT_EMIT_LOC_STRINGS = NO;
				SWIFT_VERSION = 5.0;
				TARGETED_DEVICE_FAMILY = "1,2";
				TEST_HOST = "$(BUILT_PRODUCTS_DIR)/UpworkTest.app/$(BUNDLE_EXECUTABLE_FOLDER_PATH)/UpworkTest";
			};
			name = Debug;
		};
		6BB6BE172971C406002DFF14 /* Release */ = {
			isa = XCBuildConfiguration;
			buildSettings = {
				BUNDLE_LOADER = "$(TEST_HOST)";
				CODE_SIGN_STYLE = Automatic;
				CURRENT_PROJECT_VERSION = 1;
				GENERATE_INFOPLIST_FILE = YES;
				MARKETING_VERSION = 1.0;
				PRODUCT_BUNDLE_IDENTIFIER = com.selcuk.UpworkTestTests;
				PRODUCT_NAME = "$(TARGET_NAME)";
				SWIFT_EMIT_LOC_STRINGS = NO;
				SWIFT_VERSION = 5.0;
				TARGETED_DEVICE_FAMILY = "1,2";
				TEST_HOST = "$(BUILT_PRODUCTS_DIR)/UpworkTest.app/$(BUNDLE_EXECUTABLE_FOLDER_PATH)/UpworkTest";
			};
			name = Release;
		};
/* End XCBuildConfiguration section */

/* Begin XCConfigurationList section */
		6BB6BDEF2971A3B6002DFF14 /* Build configuration list for PBXProject "UpworkTest" */ = {
			isa = XCConfigurationList;
			buildConfigurations = (
				6BB6BE002971A3B7002DFF14 /* Debug */,
				6BB6BE012971A3B7002DFF14 /* Release */,
			);
			defaultConfigurationIsVisible = 0;
			defaultConfigurationName = Release;
		};
		6BB6BE022971A3B7002DFF14 /* Build configuration list for PBXNativeTarget "UpworkTest" */ = {
			isa = XCConfigurationList;
			buildConfigurations = (
				6BB6BE032971A3B7002DFF14 /* Debug */,
				6BB6BE042971A3B7002DFF14 /* Release */,
			);
			defaultConfigurationIsVisible = 0;
			defaultConfigurationName = Release;
		};
		6BB6BE152971C406002DFF14 /* Build configuration list for PBXNativeTarget "UpworkTestTests" */ = {
			isa = XCConfigurationList;
			buildConfigurations = (
				6BB6BE162971C406002DFF14 /* Debug */,
				6BB6BE172971C406002DFF14 /* Release */,
			);
			defaultConfigurationIsVisible = 0;
			defaultConfigurationName = Release;
		};
/* End XCConfigurationList section */
	};
	rootObject = 6BB6BDEC2971A3B6002DFF14 /* Project object */;
}
